
Microsoft Visual Studio Solution File, Format Version 12.00
# Visual Studio Version 17
VisualStudioVersion = 17.0.31903.59
MinimumVisualStudioVersion = 10.0.40219.1
Project("{2150E333-8FDC-42A3-9474-1A3956D46DE8}") = "src", "src", "{827E0CD3-B72D-47B6-A68D-7590B98EB39B}"
EndProject
Project("{FAE04EC0-301F-11D3-BF4B-00C04F79EFBC}") = "ThreatLens.AppHost", "src\ThreatLens.AppHost\ThreatLens.AppHost.csproj", "{C82EE7BE-E052-4902-B522-60B06E75154D}"
EndProject
Project("{FAE04EC0-301F-11D3-BF4B-00C04F79EFBC}") = "ThreatLens.ServiceDefaults", "src\ThreatLens.ServiceDefaults\ThreatLens.ServiceDefaults.csproj", "{4CB55E1B-7492-47F2-B78D-171C44C8F48B}"
EndProject
Project("{FAE04EC0-301F-11D3-BF4B-00C04F79EFBC}") = "ThreatLens.Domain", "src\ThreatLens.Domain\ThreatLens.Domain.csproj", "{E3E636AB-5F74-4DB3-9B58-AF46A2B45DAA}"
EndProject
Project("{FAE04EC0-301F-11D3-BF4B-00C04F79EFBC}") = "ThreatLens.Data", "src\ThreatLens.Data\ThreatLens.Data.csproj", "{F971E795-2DBE-4407-A005-0EEEA484FA77}"
EndProject
Project("{FAE04EC0-301F-11D3-BF4B-00C04F79EFBC}") = "ThreatLens.Ingest.Api", "src\ThreatLens.Ingest.Api\ThreatLens.Ingest.Api.csproj", "{4F8D69D6-85BC-4B8C-B709-6A53484357A7}"
EndProject
Project("{FAE04EC0-301F-11D3-BF4B-00C04F79EFBC}") = "ThreatLens.Correlator.Worker", "src\ThreatLens.Correlator.Worker\ThreatLens.Correlator.Worker.csproj", "{21B8DD0D-4D59-4463-9606-57034F79B2AB}"
EndProject
Project("{FAE04EC0-301F-11D3-BF4B-00C04F79EFBC}") = "ThreatLens.Query.Api", "src\ThreatLens.Query.Api\ThreatLens.Query.Api.csproj", "{D9571E90-17ED-4E20-B10A-8AD958E9ED5C}"
EndProject
Project("{FAE04EC0-301F-11D3-BF4B-00C04F79EFBC}") = "ThreatLens.Dashboard", "src\ThreatLens.Dashboard\ThreatLens.Dashboard.csproj", "{F009662B-861E-4525-99C8-37CABF4A23B4}"
EndProject
Project("{2150E333-8FDC-42A3-9474-1A3956D46DE8}") = "tests", "tests", "{0AB3BF05-4346-4AA6-1389-037BE0695223}"
EndProject
Project("{FAE04EC0-301F-11D3-BF4B-00C04F79EFBC}") = "ThreatLens.Tests", "tests\ThreatLens.Tests\ThreatLens.Tests.csproj", "{8A0C12F7-ECD6-426A-ABF2-D9A623333A21}"
EndProject
Global
	GlobalSection(SolutionConfigurationPlatforms) = preSolution
		Debug|Any CPU = Debug|Any CPU
		Debug|x64 = Debug|x64
		Debug|x86 = Debug|x86
		Release|Any CPU = Release|Any CPU
		Release|x64 = Release|x64
		Release|x86 = Release|x86
	EndGlobalSection
	GlobalSection(ProjectConfigurationPlatforms) = postSolution
		{C82EE7BE-E052-4902-B522-60B06E75154D}.Debug|Any CPU.ActiveCfg = Debug|Any CPU
		{C82EE7BE-E052-4902-B522-60B06E75154D}.Debug|Any CPU.Build.0 = Debug|Any CPU
		{C82EE7BE-E052-4902-B522-60B06E75154D}.Debug|x64.ActiveCfg = Debug|Any CPU
		{C82EE7BE-E052-4902-B522-60B06E75154D}.Debug|x64.Build.0 = Debug|Any CPU
		{C82EE7BE-E052-4902-B522-60B06E75154D}.Debug|x86.ActiveCfg = Debug|Any CPU
		{C82EE7BE-E052-4902-B522-60B06E75154D}.Debug|x86.Build.0 = Debug|Any CPU
		{C82EE7BE-E052-4902-B522-60B06E75154D}.Release|Any CPU.ActiveCfg = Release|Any CPU
		{C82EE7BE-E052-4902-B522-60B06E75154D}.Release|Any CPU.Build.0 = Release|Any CPU
		{C82EE7BE-E052-4902-B522-60B06E75154D}.Release|x64.ActiveCfg = Release|Any CPU
		{C82EE7BE-E052-4902-B522-60B06E75154D}.Release|x64.Build.0 = Release|Any CPU
		{C82EE7BE-E052-4902-B522-60B06E75154D}.Release|x86.ActiveCfg = Release|Any CPU
		{C82EE7BE-E052-4902-B522-60B06E75154D}.Release|x86.Build.0 = Release|Any CPU
		{4CB55E1B-7492-47F2-B78D-171C44C8F48B}.Debug|Any CPU.ActiveCfg = Debug|Any CPU
		{4CB55E1B-7492-47F2-B78D-171C44C8F48B}.Debug|Any CPU.Build.0 = Debug|Any CPU
		{4CB55E1B-7492-47F2-B78D-171C44C8F48B}.Debug|x64.ActiveCfg = Debug|Any CPU
		{4CB55E1B-7492-47F2-B78D-171C44C8F48B}.Debug|x64.Build.0 = Debug|Any CPU
		{4CB55E1B-7492-47F2-B78D-171C44C8F48B}.Debug|x86.ActiveCfg = Debug|Any CPU
		{4CB55E1B-7492-47F2-B78D-171C44C8F48B}.Debug|x86.Build.0 = Debug|Any CPU
		{4CB55E1B-7492-47F2-B78D-171C44C8F48B}.Release|Any CPU.ActiveCfg = Release|Any CPU
		{4CB55E1B-7492-47F2-B78D-171C44C8F48B}.Release|Any CPU.Build.0 = Release|Any CPU
		{4CB55E1B-7492-47F2-B78D-171C44C8F48B}.Release|x64.ActiveCfg = Release|Any CPU
		{4CB55E1B-7492-47F2-B78D-171C44C8F48B}.Release|x64.Build.0 = Release|Any CPU
		{4CB55E1B-7492-47F2-B78D-171C44C8F48B}.Release|x86.ActiveCfg = Release|Any CPU
		{4CB55E1B-7492-47F2-B78D-171C44C8F48B}.Release|x86.Build.0 = Release|Any CPU
		{E3E636AB-5F74-4DB3-9B58-AF46A2B45DAA}.Debug|Any CPU.ActiveCfg = Debug|Any CPU
		{E3E636AB-5F74-4DB3-9B58-AF46A2B45DAA}.Debug|Any CPU.Build.0 = Debug|Any CPU
		{E3E636AB-5F74-4DB3-9B58-AF46A2B45DAA}.Debug|x64.ActiveCfg = Debug|Any CPU
		{E3E636AB-5F74-4DB3-9B58-AF46A2B45DAA}.Debug|x64.Build.0 = Debug|Any CPU
		{E3E636AB-5F74-4DB3-9B58-AF46A2B45DAA}.Debug|x86.ActiveCfg = Debug|Any CPU
		{E3E636AB-5F74-4DB3-9B58-AF46A2B45DAA}.Debug|x86.Build.0 = Debug|Any CPU
		{E3E636AB-5F74-4DB3-9B58-AF46A2B45DAA}.Release|Any CPU.ActiveCfg = Release|Any CPU
		{E3E636AB-5F74-4DB3-9B58-AF46A2B45DAA}.Release|Any CPU.Build.0 = Release|Any CPU
		{E3E636AB-5F74-4DB3-9B58-AF46A2B45DAA}.Release|x64.ActiveCfg = Release|Any CPU
		{E3E636AB-5F74-4DB3-9B58-AF46A2B45DAA}.Release|x64.Build.0 = Release|Any CPU
		{E3E636AB-5F74-4DB3-9B58-AF46A2B45DAA}.Release|x86.ActiveCfg = Release|Any CPU
		{E3E636AB-5F74-4DB3-9B58-AF46A2B45DAA}.Release|x86.Build.0 = Release|Any CPU
		{F971E795-2DBE-4407-A005-0EEEA484FA77}.Debug|Any CPU.ActiveCfg = Debug|Any CPU
		{F971E795-2DBE-4407-A005-0EEEA484FA77}.Debug|Any CPU.Build.0 = Debug|Any CPU
		{F971E795-2DBE-4407-A005-0EEEA484FA77}.Debug|x64.ActiveCfg = Debug|Any CPU
		{F971E795-2DBE-4407-A005-0EEEA484FA77}.Debug|x64.Build.0 = Debug|Any CPU
		{F971E795-2DBE-4407-A005-0EEEA484FA77}.Debug|x86.ActiveCfg = Debug|Any CPU
		{F971E795-2DBE-4407-A005-0EEEA484FA77}.Debug|x86.Build.0 = Debug|Any CPU
		{F971E795-2DBE-4407-A005-0EEEA484FA77}.Release|Any CPU.ActiveCfg = Release|Any CPU
		{F971E795-2DBE-4407-A005-0EEEA484FA77}.Release|Any CPU.Build.0 = Release|Any CPU
		{F971E795-2DBE-4407-A005-0EEEA484FA77}.Release|x64.ActiveCfg = Release|Any CPU
		{F971E795-2DBE-4407-A005-0EEEA484FA77}.Release|x64.Build.0 = Release|Any CPU
		{F971E795-2DBE-4407-A005-0EEEA484FA77}.Release|x86.ActiveCfg = Release|Any CPU
		{F971E795-2DBE-4407-A005-0EEEA484FA77}.Release|x86.Build.0 = Release|Any CPU
		{4F8D69D6-85BC-4B8C-B709-6A53484357A7}.Debug|Any CPU.ActiveCfg = Debug|Any CPU
		{4F8D69D6-85BC-4B8C-B709-6A53484357A7}.Debug|Any CPU.Build.0 = Debug|Any CPU
		{4F8D69D6-85BC-4B8C-B709-6A53484357A7}.Debug|x64.ActiveCfg = Debug|Any CPU
		{4F8D69D6-85BC-4B8C-B709-6A53484357A7}.Debug|x64.Build.0 = Debug|Any CPU
		{4F8D69D6-85BC-4B8C-B709-6A53484357A7}.Debug|x86.ActiveCfg = Debug|Any CPU
		{4F8D69D6-85BC-4B8C-B709-6A53484357A7}.Debug|x86.Build.0 = Debug|Any CPU
		{4F8D69D6-85BC-4B8C-B709-6A53484357A7}.Release|Any CPU.ActiveCfg = Release|Any CPU
		{4F8D69D6-85BC-4B8C-B709-6A53484357A7}.Release|Any CPU.Build.0 = Release|Any CPU
		{4F8D69D6-85BC-4B8C-B709-6A53484357A7}.Release|x64.ActiveCfg = Release|Any CPU
		{4F8D69D6-85BC-4B8C-B709-6A53484357A7}.Release|x64.Build.0 = Release|Any CPU
		{4F8D69D6-85BC-4B8C-B709-6A53484357A7}.Release|x86.ActiveCfg = Release|Any CPU
		{4F8D69D6-85BC-4B8C-B709-6A53484357A7}.Release|x86.Build.0 = Release|Any CPU
		{21B8DD0D-4D59-4463-9606-57034F79B2AB}.Debug|Any CPU.ActiveCfg = Debug|Any CPU
		{21B8DD0D-4D59-4463-9606-57034F79B2AB}.Debug|Any CPU.Build.0 = Debug|Any CPU
		{21B8DD0D-4D59-4463-9606-57034F79B2AB}.Debug|x64.ActiveCfg = Debug|Any CPU
		{21B8DD0D-4D59-4463-9606-57034F79B2AB}.Debug|x64.Build.0 = Debug|Any CPU
		{21B8DD0D-4D59-4463-9606-57034F79B2AB}.Debug|x86.ActiveCfg = Debug|Any CPU
		{21B8DD0D-4D59-4463-9606-57034F79B2AB}.Debug|x86.Build.0 = Debug|Any CPU
		{21B8DD0D-4D59-4463-9606-57034F79B2AB}.Release|Any CPU.ActiveCfg = Release|Any CPU
		{21B8DD0D-4D59-4463-9606-57034F79B2AB}.Release|Any CPU.Build.0 = Release|Any CPU
		{21B8DD0D-4D59-4463-9606-57034F79B2AB}.Release|x64.ActiveCfg = Release|Any CPU
		{21B8DD0D-4D59-4463-9606-57034F79B2AB}.Release|x64.Build.0 = Release|Any CPU
		{21B8DD0D-4D59-4463-9606-57034F79B2AB}.Release|x86.ActiveCfg = Release|Any CPU
		{21B8DD0D-4D59-4463-9606-57034F79B2AB}.Release|x86.Build.0 = Release|Any CPU
		{D9571E90-17ED-4E20-B10A-8AD958E9ED5C}.Debug|Any CPU.ActiveCfg = Debug|Any CPU
		{D9571E90-17ED-4E20-B10A-8AD958E9ED5C}.Debug|Any CPU.Build.0 = Debug|Any CPU
		{D9571E90-17ED-4E20-B10A-8AD958E9ED5C}.Debug|x64.ActiveCfg = Debug|Any CPU
		{D9571E90-17ED-4E20-B10A-8AD958E9ED5C}.Debug|x64.Build.0 = Debug|Any CPU
		{D9571E90-17ED-4E20-B10A-8AD958E9ED5C}.Debug|x86.ActiveCfg = Debug|Any CPU
		{D9571E90-17ED-4E20-B10A-8AD958E9ED5C}.Debug|x86.Build.0 = Debug|Any CPU
		{D9571E90-17ED-4E20-B10A-8AD958E9ED5C}.Release|Any CPU.ActiveCfg = Release|Any CPU
		{D9571E90-17ED-4E20-B10A-8AD958E9ED5C}.Release|Any CPU.Build.0 = Release|Any CPU
		{D9571E90-17ED-4E20-B10A-8AD958E9ED5C}.Release|x64.ActiveCfg = Release|Any CPU
		{D9571E90-17ED-4E20-B10A-8AD958E9ED5C}.Release|x64.Build.0 = Release|Any CPU
		{D9571E90-17ED-4E20-B10A-8AD958E9ED5C}.Release|x86.ActiveCfg = Release|Any CPU
		{D9571E90-17ED-4E20-B10A-8AD958E9ED5C}.Release|x86.Build.0 = Release|Any CPU
		{F009662B-861E-4525-99C8-37CABF4A23B4}.Debug|Any CPU.ActiveCfg = Debug|Any CPU
		{F009662B-861E-4525-99C8-37CABF4A23B4}.Debug|Any CPU.Build.0 = Debug|Any CPU
		{F009662B-861E-4525-99C8-37CABF4A23B4}.Debug|x64.ActiveCfg = Debug|Any CPU
		{F009662B-861E-4525-99C8-37CABF4A23B4}.Debug|x64.Build.0 = Debug|Any CPU
		{F009662B-861E-4525-99C8-37CABF4A23B4}.Debug|x86.ActiveCfg = Debug|Any CPU
		{F009662B-861E-4525-99C8-37CABF4A23B4}.Debug|x86.Build.0 = Debug|Any CPU
		{F009662B-861E-4525-99C8-37CABF4A23B4}.Release|Any CPU.ActiveCfg = Release|Any CPU
		{F009662B-861E-4525-99C8-37CABF4A23B4}.Release|Any CPU.Build.0 = Release|Any CPU
		{F009662B-861E-4525-99C8-37CABF4A23B4}.Release|x64.ActiveCfg = Release|Any CPU
		{F009662B-861E-4525-99C8-37CABF4A23B4}.Release|x64.Build.0 = Release|Any CPU
		{F009662B-861E-4525-99C8-37CABF4A23B4}.Release|x86.ActiveCfg = Release|Any CPU
		{F009662B-861E-4525-99C8-37CABF4A23B4}.Release|x86.Build.0 = Release|Any CPU
		{8A0C12F7-ECD6-426A-ABF2-D9A623333A21}.Debug|Any CPU.ActiveCfg = Debug|Any CPU
		{8A0C12F7-ECD6-426A-ABF2-D9A623333A21}.Debug|Any CPU.Build.0 = Debug|Any CPU
		{8A0C12F7-ECD6-426A-ABF2-D9A623333A21}.Debug|x64.ActiveCfg = Debug|Any CPU
		{8A0C12F7-ECD6-426A-ABF2-D9A623333A21}.Debug|x64.Build.0 = Debug|Any CPU
		{8A0C12F7-ECD6-426A-ABF2-D9A623333A21}.Debug|x86.ActiveCfg = Debug|Any CPU
		{8A0C12F7-ECD6-426A-ABF2-D9A623333A21}.Debug|x86.Build.0 = Debug|Any CPU
		{8A0C12F7-ECD6-426A-ABF2-D9A623333A21}.Release|Any CPU.ActiveCfg = Release|Any CPU
		{8A0C12F7-ECD6-426A-ABF2-D9A623333A21}.Release|Any CPU.Build.0 = Release|Any CPU
		{8A0C12F7-ECD6-426A-ABF2-D9A623333A21}.Release|x64.ActiveCfg = Release|Any CPU
		{8A0C12F7-ECD6-426A-ABF2-D9A623333A21}.Release|x64.Build.0 = Release|Any CPU
		{8A0C12F7-ECD6-426A-ABF2-D9A623333A21}.Release|x86.ActiveCfg = Release|Any CPU
		{8A0C12F7-ECD6-426A-ABF2-D9A623333A21}.Release|x86.Build.0 = Release|Any CPU
	EndGlobalSection
	GlobalSection(SolutionProperties) = preSolution
		HideSolutionNode = FALSE
	EndGlobalSection
	GlobalSection(NestedProjects) = preSolution
		{C82EE7BE-E052-4902-B522-60B06E75154D} = {827E0CD3-B72D-47B6-A68D-7590B98EB39B}
		{4CB55E1B-7492-47F2-B78D-171C44C8F48B} = {827E0CD3-B72D-47B6-A68D-7590B98EB39B}
		{E3E636AB-5F74-4DB3-9B58-AF46A2B45DAA} = {827E0CD3-B72D-47B6-A68D-7590B98EB39B}
		{F971E795-2DBE-4407-A005-0EEEA484FA77} = {827E0CD3-B72D-47B6-A68D-7590B98EB39B}
		{4F8D69D6-85BC-4B8C-B709-6A53484357A7} = {827E0CD3-B72D-47B6-A68D-7590B98EB39B}
		{21B8DD0D-4D59-4463-9606-57034F79B2AB} = {827E0CD3-B72D-47B6-A68D-7590B98EB39B}
		{D9571E90-17ED-4E20-B10A-8AD958E9ED5C} = {827E0CD3-B72D-47B6-A68D-7590B98EB39B}
		{F009662B-861E-4525-99C8-37CABF4A23B4} = {827E0CD3-B72D-47B6-A68D-7590B98EB39B}
		{8A0C12F7-ECD6-426A-ABF2-D9A623333A21} = {0AB3BF05-4346-4AA6-1389-037BE0695223}
	EndGlobalSection
EndGlobal
